
Microsoft Visual Studio Solution File, Format Version 12.00
# Visual Studio Version 16
VisualStudioVersion = 16.0.31515.178
MinimumVisualStudioVersion = 10.0.40219.1
Project("{FAE04EC0-301F-11D3-BF4B-00C04F79EFBC}") = "GurjantsBookStore", "GurjantsBookStore\GurjantsBookStore.csproj", "{AA58F0C0-6AFC-4B8C-94C5-EDBDB7CC2092}"
EndProject
Global
	GlobalSection(SolutionConfigurationPlatforms) = preSolution
		Debug|Any CPU = Debug|Any CPU
		Release|Any CPU = Release|Any CPU
	EndGlobalSection
	GlobalSection(ProjectConfigurationPlatforms) = postSolution
		{AA58F0C0-6AFC-4B8C-94C5-EDBDB7CC2092}.Debug|Any CPU.ActiveCfg = Debug|Any CPU
		{AA58F0C0-6AFC-4B8C-94C5-EDBDB7CC2092}.Debug|Any CPU.Build.0 = Debug|Any CPU
		{AA58F0C0-6AFC-4B8C-94C5-EDBDB7CC2092}.Release|Any CPU.ActiveCfg = Release|Any CPU
		{AA58F0C0-6AFC-4B8C-94C5-EDBDB7CC2092}.Release|Any CPU.Build.0 = Release|Any CPU
	EndGlobalSection
	GlobalSection(SolutionProperties) = preSolution
		HideSolutionNode = FALSE
	EndGlobalSection
	GlobalSection(ExtensibilityGlobals) = postSolution
		SolutionGuid = {C36D5552-D1D9-4509-B55F-7D546733E6F2}
	EndGlobalSection
EndGlobal
